
Microsoft Visual Studio Solution File, Format Version 12.00
# Visual Studio Version 17
VisualStudioVersion = 17.14.36414.22 d17.14
MinimumVisualStudioVersion = 10.0.40219.1
Project("{FAE04EC0-301F-11D3-BF4B-00C04F79EFBC}") = "Roblox Moderation Application WPF", "Roblox Moderation Application WPF.csproj", "{A507BD70-EAC7-490A-9C30-C7882CED3B12}"
EndProject
Global
	GlobalSection(SolutionConfigurationPlatforms) = preSolution
		Debug|Any CPU = Debug|Any CPU
		Release|Any CPU = Release|Any CPU
	EndGlobalSection
	GlobalSection(ProjectConfigurationPlatforms) = postSolution
		{A507BD70-EAC7-490A-9C30-C7882CED3B12}.Debug|Any CPU.ActiveCfg = Debug|Any CPU
		{A507BD70-EAC7-490A-9C30-C7882CED3B12}.Debug|Any CPU.Build.0 = Debug|Any CPU
		{A507BD70-EAC7-490A-9C30-C7882CED3B12}.Release|Any CPU.ActiveCfg = Release|Any CPU
		{A507BD70-EAC7-490A-9C30-C7882CED3B12}.Release|Any CPU.Build.0 = Release|Any CPU
	EndGlobalSection
	GlobalSection(SolutionProperties) = preSolution
		HideSolutionNode = FALSE
	EndGlobalSection
	GlobalSection(ExtensibilityGlobals) = postSolution
		SolutionGuid = {006EB670-E67E-4C48-BCDF-125AAB978A38}
	EndGlobalSection
EndGlobal
